
Microsoft Visual Studio Solution File, Format Version 12.00
# Visual Studio Version 17
VisualStudioVersion = 17.2.32616.157
MinimumVisualStudioVersion = 10.0.40219.1
Project("{FAE04EC0-301F-11D3-BF4B-00C04F79EFBC}") = "ServerClever", "ServerClever\ServerClever.csproj", "{BE6A257D-92E3-4C65-9B55-C7C87D5264E1}"
EndProject
Global
	GlobalSection(SolutionConfigurationPlatforms) = preSolution
		Debug|Any CPU = Debug|Any CPU
		Release|Any CPU = Release|Any CPU
	EndGlobalSection
	GlobalSection(ProjectConfigurationPlatforms) = postSolution
		{BE6A257D-92E3-4C65-9B55-C7C87D5264E1}.Debug|Any CPU.ActiveCfg = Debug|Any CPU
		{BE6A257D-92E3-4C65-9B55-C7C87D5264E1}.Debug|Any CPU.Build.0 = Debug|Any CPU
		{BE6A257D-92E3-4C65-9B55-C7C87D5264E1}.Release|Any CPU.ActiveCfg = Release|Any CPU
		{BE6A257D-92E3-4C65-9B55-C7C87D5264E1}.Release|Any CPU.Build.0 = Release|Any CPU
	EndGlobalSection
	GlobalSection(SolutionProperties) = preSolution
		HideSolutionNode = FALSE
	EndGlobalSection
	GlobalSection(ExtensibilityGlobals) = postSolution
		SolutionGuid = {BE1438D4-7D49-479D-B25B-FF3045C9BC4D}
	EndGlobalSection
EndGlobal
